
Microsoft Visual Studio Solution File, Format Version 12.00
# Visual Studio Version 17
VisualStudioVersion = 17.7.33808.371
MinimumVisualStudioVersion = 10.0.40219.1
Project("{9A19103F-16F7-4668-BE54-9A1E7A4F7556}") = "CapstoneProject", "CapstoneProject\CapstoneProject.csproj", "{9446A807-D38F-46B8-9FA1-518CA20E0E80}"
EndProject
Project("{9A19103F-16F7-4668-BE54-9A1E7A4F7556}") = "Capstone.DataAccess", "Capstone.DataAccess\Capstone.DataAccess.csproj", "{76BE4CB1-531B-444C-8141-65C9D07E35EE}"
EndProject
Project("{9A19103F-16F7-4668-BE54-9A1E7A4F7556}") = "Capstone.Models", "Capstone.Models\Capstone.Models.csproj", "{1DC60602-E321-47CF-9F1E-5D05907C0E03}"
EndProject
Project("{9A19103F-16F7-4668-BE54-9A1E7A4F7556}") = "Capstone.Utility", "Capstone.Utility\Capstone.Utility.csproj", "{DC5BCC6E-3EA0-44F1-B486-A9AFAE3339EB}"
EndProject
Project("{9A19103F-16F7-4668-BE54-9A1E7A4F7556}") = "TestProject", "TestProject\TestProject.csproj", "{AFE36FEE-043A-4EB2-B2EF-3EFC8EEB992A}"
EndProject
Global
	GlobalSection(SolutionConfigurationPlatforms) = preSolution
		Debug|Any CPU = Debug|Any CPU
		Release|Any CPU = Release|Any CPU
	EndGlobalSection
	GlobalSection(ProjectConfigurationPlatforms) = postSolution
		{9446A807-D38F-46B8-9FA1-518CA20E0E80}.Debug|Any CPU.ActiveCfg = Debug|Any CPU
		{9446A807-D38F-46B8-9FA1-518CA20E0E80}.Debug|Any CPU.Build.0 = Debug|Any CPU
		{9446A807-D38F-46B8-9FA1-518CA20E0E80}.Release|Any CPU.ActiveCfg = Release|Any CPU
		{9446A807-D38F-46B8-9FA1-518CA20E0E80}.Release|Any CPU.Build.0 = Release|Any CPU
		{76BE4CB1-531B-444C-8141-65C9D07E35EE}.Debug|Any CPU.ActiveCfg = Debug|Any CPU
		{76BE4CB1-531B-444C-8141-65C9D07E35EE}.Debug|Any CPU.Build.0 = Debug|Any CPU
		{76BE4CB1-531B-444C-8141-65C9D07E35EE}.Release|Any CPU.ActiveCfg = Release|Any CPU
		{76BE4CB1-531B-444C-8141-65C9D07E35EE}.Release|Any CPU.Build.0 = Release|Any CPU
		{1DC60602-E321-47CF-9F1E-5D05907C0E03}.Debug|Any CPU.ActiveCfg = Debug|Any CPU
		{1DC60602-E321-47CF-9F1E-5D05907C0E03}.Debug|Any CPU.Build.0 = Debug|Any CPU
		{1DC60602-E321-47CF-9F1E-5D05907C0E03}.Release|Any CPU.ActiveCfg = Release|Any CPU
		{1DC60602-E321-47CF-9F1E-5D05907C0E03}.Release|Any CPU.Build.0 = Release|Any CPU
		{DC5BCC6E-3EA0-44F1-B486-A9AFAE3339EB}.Debug|Any CPU.ActiveCfg = Debug|Any CPU
		{DC5BCC6E-3EA0-44F1-B486-A9AFAE3339EB}.Debug|Any CPU.Build.0 = Debug|Any CPU
		{DC5BCC6E-3EA0-44F1-B486-A9AFAE3339EB}.Release|Any CPU.ActiveCfg = Release|Any CPU
		{DC5BCC6E-3EA0-44F1-B486-A9AFAE3339EB}.Release|Any CPU.Build.0 = Release|Any CPU
		{AFE36FEE-043A-4EB2-B2EF-3EFC8EEB992A}.Debug|Any CPU.ActiveCfg = Debug|Any CPU
		{AFE36FEE-043A-4EB2-B2EF-3EFC8EEB992A}.Debug|Any CPU.Build.0 = Debug|Any CPU
		{AFE36FEE-043A-4EB2-B2EF-3EFC8EEB992A}.Release|Any CPU.ActiveCfg = Release|Any CPU
		{AFE36FEE-043A-4EB2-B2EF-3EFC8EEB992A}.Release|Any CPU.Build.0 = Release|Any CPU
	EndGlobalSection
	GlobalSection(SolutionProperties) = preSolution
		HideSolutionNode = FALSE
	EndGlobalSection
	GlobalSection(ExtensibilityGlobals) = postSolution
		SolutionGuid = {B42B9419-D50B-41D6-BE30-B594CCE166B2}
	EndGlobalSection
EndGlobal
